{
  "nodes": {
    "nixpkgs": {
      "locked": {
        "lastModified": 1773821835,
        "narHash": "sha256-TJ3lSQtW0E2JrznGVm8hOQGVpXjJyXY2guAxku2O9A4=",
        "owner": "nixos",
        "repo": "nixpkgs",
        "rev": "b40629efe5d6ec48dd1efba650c797ddbd39ace0",
        "type": "github"
      },
      "original": {
        "owner": "nixos",
        "ref": "nixos-unstable",
        "repo": "nixpkgs",
        "type": "github"
      }
    },
    "root": {
      "inputs": {
        "nixpkgs": "nixpkgs",
        "tiponero": "tiponero"
      }
    },
    "tiponero": {
      "inputs": {
        "nixpkgs": [
          "nixpkgs"
        ]
      },
      "locked": {
        "lastModified": 1774061442,
        "narHash": "sha256-6vf4rD0Ok96rd1l7Bbdfb0jG2BJ77sdRTo4U6W5fVgc=",
        "owner": "tiponero",
        "repo": "tiponero-core",
        "rev": "c31315202a101591961cbec3c288e0304f8c2423",
        "type": "github"
      },
      "original": {
        "owner": "tiponero",
        "repo": "tiponero-core",
        "type": "github"
      }
    }
  },
  "root": "root",
  "version": 7
}
