{
  "nodes": {
    "nixpkgs": {
      "locked": {
        "lastModified": 1775036866,
        "narHash": "sha256-ZojAnPuCdy657PbTq5V0Y+AHKhZAIwSIT2cb8UgAz/U=",
        "owner": "nixos",
        "repo": "nixpkgs",
        "rev": "6201e203d09599479a3b3450ed24fa81537ebc4e",
        "type": "github"
      },
      "original": {
        "owner": "nixos",
        "ref": "nixos-unstable",
        "repo": "nixpkgs",
        "type": "github"
      }
    },
    "root": {
      "inputs": {
        "nixpkgs": "nixpkgs",
        "tiponero": "tiponero"
      }
    },
    "tiponero": {
      "inputs": {
        "nixpkgs": [
          "nixpkgs"
        ]
      },
      "locked": {
        "lastModified": 1775317684,
        "narHash": "sha256-oYDnGdjppRIhm0hGZbFl4hs5YHFqjuuQdfLbuzTFb4s=",
        "owner": "tiponero",
        "repo": "tiponero-core",
        "rev": "c10e6e5d1e0fcf5d217fba8b0ef99f43bad98879",
        "type": "github"
      },
      "original": {
        "owner": "tiponero",
        "repo": "tiponero-core",
        "type": "github"
      }
    }
  },
  "root": "root",
  "version": 7
}
